
Microsoft Visual Studio Solution File, Format Version 12.00
# Visual Studio 15
VisualStudioVersion = 15.0.27703.2047
MinimumVisualStudioVersion = 10.0.40219.1
Project("{9A19103F-16F7-4668-BE54-9A1E7A4F7556}") = "dungeon-api", "dungeon-api.csproj", "{29F396F8-D957-4317-A7F4-A540A21888CA}"
EndProject
Global
	GlobalSection(SolutionConfigurationPlatforms) = preSolution
		Debug|Any CPU = Debug|Any CPU
		Release|Any CPU = Release|Any CPU
	EndGlobalSection
	GlobalSection(ProjectConfigurationPlatforms) = postSolution
		{29F396F8-D957-4317-A7F4-A540A21888CA}.Debug|Any CPU.ActiveCfg = Debug|Any CPU
		{29F396F8-D957-4317-A7F4-A540A21888CA}.Debug|Any CPU.Build.0 = Debug|Any CPU
		{29F396F8-D957-4317-A7F4-A540A21888CA}.Release|Any CPU.ActiveCfg = Release|Any CPU
		{29F396F8-D957-4317-A7F4-A540A21888CA}.Release|Any CPU.Build.0 = Release|Any CPU
		{F6CAE349-141E-4763-8D5E-11A4B5458784}.Debug|Any CPU.ActiveCfg = Debug|Any CPU
		{F6CAE349-141E-4763-8D5E-11A4B5458784}.Debug|Any CPU.Build.0 = Debug|Any CPU
		{F6CAE349-141E-4763-8D5E-11A4B5458784}.Release|Any CPU.ActiveCfg = Release|Any CPU
		{F6CAE349-141E-4763-8D5E-11A4B5458784}.Release|Any CPU.Build.0 = Release|Any CPU
	EndGlobalSection
	GlobalSection(SolutionProperties) = preSolution
		HideSolutionNode = FALSE
	EndGlobalSection
	GlobalSection(ExtensibilityGlobals) = postSolution
		SolutionGuid = {C4C33C07-8623-47C6-87BA-7D1CC649E344}
	EndGlobalSection
EndGlobal
